// !$*UTF8*$!
{
	archiveVersion = 1;
	classes = {
	};
	objectVersion = 56;
	objects = {

/* Begin PBXBuildFile section */
		A0000000000000000000B001 /* VCAApp.swift in Sources */ = {isa = PBXBuildFile; fileRef = A0000000000000000000F001 /* VCAApp.swift */; };
		A0000000000000000000B002 /* AppDelegate.swift in Sources */ = {isa = PBXBuildFile; fileRef = A0000000000000000000F002 /* AppDelegate.swift */; };
		A0000000000000000000B003 /* AppState.swift in Sources */ = {isa = PBXBuildFile; fileRef = A0000000000000000000F003 /* AppState.swift */; };
		A0000000000000000000B004 /* PushNotificationManager.swift in Sources */ = {isa = PBXBuildFile; fileRef = A0000000000000000000F004 /* PushNotificationManager.swift */; };
		A0000000000000000000B005 /* LocalPersistence.swift in Sources */ = {isa = PBXBuildFile; fileRef = A0000000000000000000F005 /* LocalPersistence.swift */; };
		A0000000000000000000B006 /* AppBrand.swift in Sources */ = {isa = PBXBuildFile; fileRef = A0000000000000000000F006 /* AppBrand.swift */; };
		A0000000000000000000B007 /* DesignSystem.swift in Sources */ = {isa = PBXBuildFile; fileRef = A0000000000000000000F007 /* DesignSystem.swift */; };
		A0000000000000000000B010 /* RootView.swift in Sources */ = {isa = PBXBuildFile; fileRef = A0000000000000000000F010 /* RootView.swift */; };
		A0000000000000000000B011 /* OnboardingView.swift in Sources */ = {isa = PBXBuildFile; fileRef = A0000000000000000000F011 /* OnboardingView.swift */; };
		A0000000000000000000B012 /* SettingsView.swift in Sources */ = {isa = PBXBuildFile; fileRef = A0000000000000000000F012 /* SettingsView.swift */; };
		A0000000000000000000B013 /* ForcedUpdateView.swift in Sources */ = {isa = PBXBuildFile; fileRef = A0000000000000000000F013 /* ForcedUpdateView.swift */; };
		A0000000000000000000B014 /* MainView.swift in Sources */ = {isa = PBXBuildFile; fileRef = A0000000000000000000F014 /* MainView.swift */; };
		A0000000000000000000B015 /* HoldingsEditorView.swift in Sources */ = {isa = PBXBuildFile; fileRef = A0000000000000000000F015 /* HoldingsEditorView.swift */; };
		A0000000000000000000B016 /* ValueCompassTypography.swift in Sources */ = {isa = PBXBuildFile; fileRef = A0000000000000000000F016 /* ValueCompassTypography.swift */; };
		A0000000000000000000B020 /* Disclaimer.swift in Sources */ = {isa = PBXBuildFile; fileRef = A0000000000000000000F020 /* Disclaimer.swift */; };
		A0000000000000000000B021 /* DomainModels.swift in Sources */ = {isa = PBXBuildFile; fileRef = A0000000000000000000F021 /* DomainModels.swift */; };
		A0000000000000000000B030 /* APIClient.swift in Sources */ = {isa = PBXBuildFile; fileRef = A0000000000000000000F030 /* APIClient.swift */; };
		A0000000000000000000B031 /* AppVersion.swift in Sources */ = {isa = PBXBuildFile; fileRef = A0000000000000000000F031 /* AppVersion.swift */; };
		A0000000000000000000B032 /* DeviceIDProvider.swift in Sources */ = {isa = PBXBuildFile; fileRef = A0000000000000000000F032 /* DeviceIDProvider.swift */; };
		A0000000000000000000B033 /* KeychainStore.swift in Sources */ = {isa = PBXBuildFile; fileRef = A0000000000000000000F033 /* KeychainStore.swift */; };
		A0000000000000000000B034 /* MinAppVersionMonitor.swift in Sources */ = {isa = PBXBuildFile; fileRef = A0000000000000000000F034 /* MinAppVersionMonitor.swift */; };
		A0000000000000000000B035 /* BackendSyncProjection.swift in Sources */ = {isa = PBXBuildFile; fileRef = A0000000000000000000F035 /* BackendSyncProjection.swift */; };
		A0000000000000000000B070 /* BackendContracts.swift in Sources */ = {isa = PBXBuildFile; fileRef = A0000000000000000000F070 /* BackendContracts.swift */; };
		A0000000000000000000B080 /* UserDefaultsClient.swift in Sources */ = {isa = PBXBuildFile; fileRef = A0000000000000000000F080 /* UserDefaultsClient.swift */; };
		A0000000000000000000B081 /* KeychainClient.swift in Sources */ = {isa = PBXBuildFile; fileRef = A0000000000000000000F081 /* KeychainClient.swift */; };
		A0000000000000000000B082 /* DeviceIDClient.swift in Sources */ = {isa = PBXBuildFile; fileRef = A0000000000000000000F082 /* DeviceIDClient.swift */; };
		A0000000000000000000B083 /* APIClientDependency.swift in Sources */ = {isa = PBXBuildFile; fileRef = A0000000000000000000F083 /* APIClientDependency.swift */; };
		A0000000000000000000B084 /* MinAppVersionClient.swift in Sources */ = {isa = PBXBuildFile; fileRef = A0000000000000000000F084 /* MinAppVersionClient.swift */; };
		A0000000000000000000B085 /* PushNotificationsClient.swift in Sources */ = {isa = PBXBuildFile; fileRef = A0000000000000000000F085 /* PushNotificationsClient.swift */; };
		A0000000000000000000B086 /* ModelContainerClient.swift in Sources */ = {isa = PBXBuildFile; fileRef = A0000000000000000000F086 /* ModelContainerClient.swift */; };
		A0000000000000000000B087 /* BundleInfoClient.swift in Sources */ = {isa = PBXBuildFile; fileRef = A0000000000000000000F087 /* BundleInfoClient.swift */; };
		A0000000000000000000B090 /* AppFeature.swift in Sources */ = {isa = PBXBuildFile; fileRef = A0000000000000000000F090 /* AppFeature.swift */; };
		A0000000000000000000B091 /* ForcedUpdateFeature.swift in Sources */ = {isa = PBXBuildFile; fileRef = A0000000000000000000F091 /* ForcedUpdateFeature.swift */; };
		A0000000000000000000B092 /* OnboardingFeature.swift in Sources */ = {isa = PBXBuildFile; fileRef = A0000000000000000000F092 /* OnboardingFeature.swift */; };
		A0000000000000000000B093 /* MainFeature.swift in Sources */ = {isa = PBXBuildFile; fileRef = A0000000000000000000F093 /* MainFeature.swift */; };
		A0000000000000000000B094 /* MainFeature+Shell.swift in Sources */ = {isa = PBXBuildFile; fileRef = A0000000000000000000F094 /* MainFeature+Shell.swift */; };
		A0000000000000000000B095 /* PortfolioListFeature.swift in Sources */ = {isa = PBXBuildFile; fileRef = A0000000000000000000F095 /* PortfolioListFeature.swift */; };
		A0000000000000000000B096 /* SettingsFeature.swift in Sources */ = {isa = PBXBuildFile; fileRef = A0000000000000000000F096 /* SettingsFeature.swift */; };
		A0000000000000000000B097 /* PortfolioDetailFeature.swift in Sources */ = {isa = PBXBuildFile; fileRef = A0000000000000000000F097 /* PortfolioDetailFeature.swift */; };
		A0000000000000000000B098 /* HoldingsEditorFeature.swift in Sources */ = {isa = PBXBuildFile; fileRef = A0000000000000000000F098 /* HoldingsEditorFeature.swift */; };
		A0000000000000000000B099 /* ContributionResultFeature.swift in Sources */ = {isa = PBXBuildFile; fileRef = A0000000000000000000F099 /* ContributionResultFeature.swift */; };
		A0000000000000000000B09A /* ContributionHistoryFeature.swift in Sources */ = {isa = PBXBuildFile; fileRef = A0000000000000000000F09A /* ContributionHistoryFeature.swift */; };
		A0000000000000000000B09B /* PortfolioEditorFeature.swift in Sources */ = {isa = PBXBuildFile; fileRef = A0000000000000000000F09B /* PortfolioEditorFeature.swift */; };
		A0000000000000000000B017 /* PortfolioListView.swift in Sources */ = {isa = PBXBuildFile; fileRef = A0000000000000000000F017 /* PortfolioListView.swift */; };
		A0000000000000000000B018 /* PortfolioEditorView.swift in Sources */ = {isa = PBXBuildFile; fileRef = A0000000000000000000F018 /* PortfolioEditorView.swift */; };
		A0000000000000000000B036 /* openapi.json in Resources */ = {isa = PBXBuildFile; fileRef = A0000000000000000000F036 /* openapi.json */; };
		A0000000000000000000B040 /* ContributionCalculator.swift in Sources */ = {isa = PBXBuildFile; fileRef = A0000000000000000000F040 /* ContributionCalculator.swift */; };
		A0000000000000000000B050 /* Assets.xcassets in Resources */ = {isa = PBXBuildFile; fileRef = A0000000000000000000F050 /* Assets.xcassets */; };
		A0000000000000000000B051 /* icon.svg in Resources */ = {isa = PBXBuildFile; fileRef = A0000000000000000000F051 /* icon.svg */; };
		D0000000000000000000B001 /* ComposableArchitecture in Frameworks */ = {isa = PBXBuildFile; productRef = D0000000000000000000D001 /* ComposableArchitecture */; };
		D0000000000000000000B002 /* ComposableArchitecture in Frameworks */ = {isa = PBXBuildFile; productRef = D0000000000000000000D002 /* ComposableArchitecture */; };
		D0000000000000000000B003 /* Dependencies in Frameworks */ = {isa = PBXBuildFile; productRef = D0000000000000000000D003 /* Dependencies */; };
		D0000000000000000000B004 /* DependenciesMacros in Frameworks */ = {isa = PBXBuildFile; productRef = D0000000000000000000D004 /* DependenciesMacros */; };
		D0000000000000000000B005 /* ConcurrencyExtras in Frameworks */ = {isa = PBXBuildFile; productRef = D0000000000000000000D005 /* ConcurrencyExtras */; };
		D0000000000000000000B006 /* IssueReporting in Frameworks */ = {isa = PBXBuildFile; productRef = D0000000000000000000D006 /* IssueReporting */; };
		D0000000000000000000B007 /* CasePaths in Frameworks */ = {isa = PBXBuildFile; productRef = D0000000000000000000D007 /* CasePaths */; };
		D0000000000000000000B008 /* Perception in Frameworks */ = {isa = PBXBuildFile; productRef = D0000000000000000000D008 /* Perception */; };
		D0000000000000000000B009 /* PerceptionCore in Frameworks */ = {isa = PBXBuildFile; productRef = D0000000000000000000D009 /* PerceptionCore */; };
		C0000000000000000000B001 /* AppStateTests.swift in Sources */ = {isa = PBXBuildFile; fileRef = C0000000000000000000F001 /* AppStateTests.swift */; };
		C0000000000000000000B002 /* LocalPersistenceTests.swift in Sources */ = {isa = PBXBuildFile; fileRef = C0000000000000000000F002 /* LocalPersistenceTests.swift */; };
		C0000000000000000000B003 /* NavigationShellTests.swift in Sources */ = {isa = PBXBuildFile; fileRef = C0000000000000000000F003 /* NavigationShellTests.swift */; };
		C0000000000000000000B004 /* RootViewSmokeTests.swift in Sources */ = {isa = PBXBuildFile; fileRef = C0000000000000000000F004 /* RootViewSmokeTests.swift */; };
		C0000000000000000000B005 /* BackendSyncProjectionTests.swift in Sources */ = {isa = PBXBuildFile; fileRef = C0000000000000000000F005 /* BackendSyncProjectionTests.swift */; };
		C0000000000000000000B006 /* APIClientTests.swift in Sources */ = {isa = PBXBuildFile; fileRef = C0000000000000000000F006 /* APIClientTests.swift */; };
		C0000000000000000000B007 /* ContributionCalculatorTests.swift in Sources */ = {isa = PBXBuildFile; fileRef = C0000000000000000000F007 /* ContributionCalculatorTests.swift */; };
		C0000000000000000000B008 /* ValueCompassTypographyTests.swift in Sources */ = {isa = PBXBuildFile; fileRef = C0000000000000000000F008 /* ValueCompassTypographyTests.swift */; };
		C0000000000000000000B009 /* DesignSystemTests.swift in Sources */ = {isa = PBXBuildFile; fileRef = C0000000000000000000F009 /* DesignSystemTests.swift */; };
/* End PBXBuildFile section */

/* Begin PBXContainerItemProxy section */
		C0000000000000000000E001 /* PBXContainerItemProxy */ = {
			isa = PBXContainerItemProxy;
			containerPortal = A0000000000000000000A001 /* Project object */;
			proxyType = 1;
			remoteGlobalIDString = A0000000000000000000A009;
			remoteInfo = VCA;
		};
/* End PBXContainerItemProxy section */

/* Begin PBXFileReference section */
		A0000000000000000000A00A /* VCA.app */ = {isa = PBXFileReference; explicitFileType = wrapper.application; includeInIndex = 0; path = VCA.app; sourceTree = BUILT_PRODUCTS_DIR; };
		C0000000000000000000A00A /* VCATests.xctest */ = {isa = PBXFileReference; explicitFileType = wrapper.cfbundle; includeInIndex = 0; path = VCATests.xctest; sourceTree = BUILT_PRODUCTS_DIR; };
		A0000000000000000000F001 /* VCAApp.swift */ = {isa = PBXFileReference; lastKnownFileType = sourcecode.swift; path = VCAApp.swift; sourceTree = "<group>"; };
		A0000000000000000000F000 /* Info.plist */ = {isa = PBXFileReference; lastKnownFileType = text.plist.xml; path = Info.plist; sourceTree = "<group>"; };
		A0000000000000000000F002 /* AppDelegate.swift */ = {isa = PBXFileReference; lastKnownFileType = sourcecode.swift; path = AppDelegate.swift; sourceTree = "<group>"; };
		A0000000000000000000F003 /* AppState.swift */ = {isa = PBXFileReference; lastKnownFileType = sourcecode.swift; path = AppState.swift; sourceTree = "<group>"; };
		A0000000000000000000F004 /* PushNotificationManager.swift */ = {isa = PBXFileReference; lastKnownFileType = sourcecode.swift; path = PushNotificationManager.swift; sourceTree = "<group>"; };
		A0000000000000000000F005 /* LocalPersistence.swift */ = {isa = PBXFileReference; lastKnownFileType = sourcecode.swift; path = LocalPersistence.swift; sourceTree = "<group>"; };
		A0000000000000000000F006 /* AppBrand.swift */ = {isa = PBXFileReference; lastKnownFileType = sourcecode.swift; path = AppBrand.swift; sourceTree = "<group>"; };
		A0000000000000000000F007 /* DesignSystem.swift */ = {isa = PBXFileReference; lastKnownFileType = sourcecode.swift; path = DesignSystem.swift; sourceTree = "<group>"; };
		A0000000000000000000F010 /* RootView.swift */ = {isa = PBXFileReference; lastKnownFileType = sourcecode.swift; path = RootView.swift; sourceTree = "<group>"; };
		A0000000000000000000F011 /* OnboardingView.swift */ = {isa = PBXFileReference; lastKnownFileType = sourcecode.swift; path = OnboardingView.swift; sourceTree = "<group>"; };
		A0000000000000000000F012 /* SettingsView.swift */ = {isa = PBXFileReference; lastKnownFileType = sourcecode.swift; path = SettingsView.swift; sourceTree = "<group>"; };
		A0000000000000000000F013 /* ForcedUpdateView.swift */ = {isa = PBXFileReference; lastKnownFileType = sourcecode.swift; path = ForcedUpdateView.swift; sourceTree = "<group>"; };
		A0000000000000000000F014 /* MainView.swift */ = {isa = PBXFileReference; lastKnownFileType = sourcecode.swift; path = MainView.swift; sourceTree = "<group>"; };
		A0000000000000000000F015 /* HoldingsEditorView.swift */ = {isa = PBXFileReference; lastKnownFileType = sourcecode.swift; path = HoldingsEditorView.swift; sourceTree = "<group>"; };
		A0000000000000000000F016 /* ValueCompassTypography.swift */ = {isa = PBXFileReference; lastKnownFileType = sourcecode.swift; path = ValueCompassTypography.swift; sourceTree = "<group>"; };
		A0000000000000000000F020 /* Disclaimer.swift */ = {isa = PBXFileReference; lastKnownFileType = sourcecode.swift; path = Disclaimer.swift; sourceTree = "<group>"; };
		A0000000000000000000F021 /* DomainModels.swift */ = {isa = PBXFileReference; lastKnownFileType = sourcecode.swift; path = DomainModels.swift; sourceTree = "<group>"; };
		A0000000000000000000F030 /* APIClient.swift */ = {isa = PBXFileReference; lastKnownFileType = sourcecode.swift; path = APIClient.swift; sourceTree = "<group>"; };
		A0000000000000000000F031 /* AppVersion.swift */ = {isa = PBXFileReference; lastKnownFileType = sourcecode.swift; path = AppVersion.swift; sourceTree = "<group>"; };
		A0000000000000000000F032 /* DeviceIDProvider.swift */ = {isa = PBXFileReference; lastKnownFileType = sourcecode.swift; path = DeviceIDProvider.swift; sourceTree = "<group>"; };
		A0000000000000000000F033 /* KeychainStore.swift */ = {isa = PBXFileReference; lastKnownFileType = sourcecode.swift; path = KeychainStore.swift; sourceTree = "<group>"; };
		A0000000000000000000F034 /* MinAppVersionMonitor.swift */ = {isa = PBXFileReference; lastKnownFileType = sourcecode.swift; path = MinAppVersionMonitor.swift; sourceTree = "<group>"; };
		A0000000000000000000F035 /* BackendSyncProjection.swift */ = {isa = PBXFileReference; lastKnownFileType = sourcecode.swift; path = BackendSyncProjection.swift; sourceTree = "<group>"; };
		A0000000000000000000F070 /* BackendContracts.swift */ = {isa = PBXFileReference; lastKnownFileType = sourcecode.swift; path = BackendContracts.swift; sourceTree = "<group>"; };
		A0000000000000000000F080 /* UserDefaultsClient.swift */ = {isa = PBXFileReference; lastKnownFileType = sourcecode.swift; path = UserDefaultsClient.swift; sourceTree = "<group>"; };
		A0000000000000000000F081 /* KeychainClient.swift */ = {isa = PBXFileReference; lastKnownFileType = sourcecode.swift; path = KeychainClient.swift; sourceTree = "<group>"; };
		A0000000000000000000F082 /* DeviceIDClient.swift */ = {isa = PBXFileReference; lastKnownFileType = sourcecode.swift; path = DeviceIDClient.swift; sourceTree = "<group>"; };
		A0000000000000000000F083 /* APIClientDependency.swift */ = {isa = PBXFileReference; lastKnownFileType = sourcecode.swift; path = APIClientDependency.swift; sourceTree = "<group>"; };
		A0000000000000000000F084 /* MinAppVersionClient.swift */ = {isa = PBXFileReference; lastKnownFileType = sourcecode.swift; path = MinAppVersionClient.swift; sourceTree = "<group>"; };
		A0000000000000000000F085 /* PushNotificationsClient.swift */ = {isa = PBXFileReference; lastKnownFileType = sourcecode.swift; path = PushNotificationsClient.swift; sourceTree = "<group>"; };
		A0000000000000000000F086 /* ModelContainerClient.swift */ = {isa = PBXFileReference; lastKnownFileType = sourcecode.swift; path = ModelContainerClient.swift; sourceTree = "<group>"; };
		A0000000000000000000F087 /* BundleInfoClient.swift */ = {isa = PBXFileReference; lastKnownFileType = sourcecode.swift; path = BundleInfoClient.swift; sourceTree = "<group>"; };
		A0000000000000000000F090 /* AppFeature.swift */ = {isa = PBXFileReference; lastKnownFileType = sourcecode.swift; path = AppFeature.swift; sourceTree = "<group>"; };
		A0000000000000000000F091 /* ForcedUpdateFeature.swift */ = {isa = PBXFileReference; lastKnownFileType = sourcecode.swift; path = ForcedUpdateFeature.swift; sourceTree = "<group>"; };
		A0000000000000000000F092 /* OnboardingFeature.swift */ = {isa = PBXFileReference; lastKnownFileType = sourcecode.swift; path = OnboardingFeature.swift; sourceTree = "<group>"; };
		A0000000000000000000F093 /* MainFeature.swift */ = {isa = PBXFileReference; lastKnownFileType = sourcecode.swift; path = MainFeature.swift; sourceTree = "<group>"; };
		A0000000000000000000F094 /* MainFeature+Shell.swift */ = {isa = PBXFileReference; lastKnownFileType = sourcecode.swift; path = "MainFeature+Shell.swift"; sourceTree = "<group>"; };
		A0000000000000000000F095 /* PortfolioListFeature.swift */ = {isa = PBXFileReference; lastKnownFileType = sourcecode.swift; path = PortfolioListFeature.swift; sourceTree = "<group>"; };
		A0000000000000000000F096 /* SettingsFeature.swift */ = {isa = PBXFileReference; lastKnownFileType = sourcecode.swift; path = SettingsFeature.swift; sourceTree = "<group>"; };
		A0000000000000000000F097 /* PortfolioDetailFeature.swift */ = {isa = PBXFileReference; lastKnownFileType = sourcecode.swift; path = PortfolioDetailFeature.swift; sourceTree = "<group>"; };
		A0000000000000000000F098 /* HoldingsEditorFeature.swift */ = {isa = PBXFileReference; lastKnownFileType = sourcecode.swift; path = HoldingsEditorFeature.swift; sourceTree = "<group>"; };
		A0000000000000000000F099 /* ContributionResultFeature.swift */ = {isa = PBXFileReference; lastKnownFileType = sourcecode.swift; path = ContributionResultFeature.swift; sourceTree = "<group>"; };
		A0000000000000000000F09A /* ContributionHistoryFeature.swift */ = {isa = PBXFileReference; lastKnownFileType = sourcecode.swift; path = ContributionHistoryFeature.swift; sourceTree = "<group>"; };
		A0000000000000000000F09B /* PortfolioEditorFeature.swift */ = {isa = PBXFileReference; lastKnownFileType = sourcecode.swift; path = PortfolioEditorFeature.swift; sourceTree = "<group>"; };
		A0000000000000000000F017 /* PortfolioListView.swift */ = {isa = PBXFileReference; lastKnownFileType = sourcecode.swift; path = PortfolioListView.swift; sourceTree = "<group>"; };
		A0000000000000000000F018 /* PortfolioEditorView.swift */ = {isa = PBXFileReference; lastKnownFileType = sourcecode.swift; path = PortfolioEditorView.swift; sourceTree = "<group>"; };
		A0000000000000000000F037 /* openapi-generator-config.yaml */ = {isa = PBXFileReference; lastKnownFileType = text.yaml; path = "openapi-generator-config.yaml"; sourceTree = "<group>"; };
		A0000000000000000000F036 /* openapi.json */ = {isa = PBXFileReference; lastKnownFileType = text.json; path = openapi.json; sourceTree = "<group>"; };
		A0000000000000000000F040 /* ContributionCalculator.swift */ = {isa = PBXFileReference; lastKnownFileType = sourcecode.swift; path = ContributionCalculator.swift; sourceTree = "<group>"; };
		A0000000000000000000F050 /* Assets.xcassets */ = {isa = PBXFileReference; lastKnownFileType = folder.assetcatalog; path = Assets.xcassets; sourceTree = "<group>"; };
		A0000000000000000000F051 /* icon.svg */ = {isa = PBXFileReference; lastKnownFileType = image.svg; path = icon.svg; sourceTree = "<group>"; };
		C0000000000000000000F001 /* AppStateTests.swift */ = {isa = PBXFileReference; lastKnownFileType = sourcecode.swift; path = AppStateTests.swift; sourceTree = "<group>"; };
		C0000000000000000000F002 /* LocalPersistenceTests.swift */ = {isa = PBXFileReference; lastKnownFileType = sourcecode.swift; path = LocalPersistenceTests.swift; sourceTree = "<group>"; };
		C0000000000000000000F003 /* NavigationShellTests.swift */ = {isa = PBXFileReference; lastKnownFileType = sourcecode.swift; path = NavigationShellTests.swift; sourceTree = "<group>"; };
		C0000000000000000000F004 /* RootViewSmokeTests.swift */ = {isa = PBXFileReference; lastKnownFileType = sourcecode.swift; path = RootViewSmokeTests.swift; sourceTree = "<group>"; };
		C0000000000000000000F005 /* BackendSyncProjectionTests.swift */ = {isa = PBXFileReference; lastKnownFileType = sourcecode.swift; path = BackendSyncProjectionTests.swift; sourceTree = "<group>"; };
		C0000000000000000000F006 /* APIClientTests.swift */ = {isa = PBXFileReference; lastKnownFileType = sourcecode.swift; path = APIClientTests.swift; sourceTree = "<group>"; };
		C0000000000000000000F007 /* ContributionCalculatorTests.swift */ = {isa = PBXFileReference; lastKnownFileType = sourcecode.swift; path = ContributionCalculatorTests.swift; sourceTree = "<group>"; };
		C0000000000000000000F008 /* ValueCompassTypographyTests.swift */ = {isa = PBXFileReference; lastKnownFileType = sourcecode.swift; path = ValueCompassTypographyTests.swift; sourceTree = "<group>"; };
		C0000000000000000000F009 /* DesignSystemTests.swift */ = {isa = PBXFileReference; lastKnownFileType = sourcecode.swift; path = DesignSystemTests.swift; sourceTree = "<group>"; };
/* End PBXFileReference section */

/* Begin PBXFrameworksBuildPhase section */
		A0000000000000000000A00D /* Frameworks */ = {
			isa = PBXFrameworksBuildPhase;
			buildActionMask = 2147483647;
			files = (
				D0000000000000000000B001 /* ComposableArchitecture in Frameworks */,
				D0000000000000000000B003 /* Dependencies in Frameworks */,
				D0000000000000000000B004 /* DependenciesMacros in Frameworks */,
				D0000000000000000000B005 /* ConcurrencyExtras in Frameworks */,
				D0000000000000000000B006 /* IssueReporting in Frameworks */,
				D0000000000000000000B007 /* CasePaths in Frameworks */,
				D0000000000000000000B008 /* Perception in Frameworks */,
				D0000000000000000000B009 /* PerceptionCore in Frameworks */,
			);
			runOnlyForDeploymentPostprocessing = 0;
		};
		C0000000000000000000A00D /* Frameworks */ = {
			isa = PBXFrameworksBuildPhase;
			buildActionMask = 2147483647;
			files = (
				D0000000000000000000B002 /* ComposableArchitecture in Frameworks */,
			);
			runOnlyForDeploymentPostprocessing = 0;
		};
/* End PBXFrameworksBuildPhase section */

/* Begin PBXGroup section */
		A0000000000000000000A002 /* */ = {
			isa = PBXGroup;
			children = (
				A0000000000000000000A003 /* Sources */,
				C0000000000000000000A003 /* Tests */,
				A0000000000000000000A008 /* Products */,
			);
			sourceTree = "<group>";
		};
		A0000000000000000000A003 /* Sources */ = {
			isa = PBXGroup;
			children = (
				A0000000000000000000A004 /* App */,
				A0000000000000000000A005 /* Features */,
				A0000000000000000000A100 /* Backend */,
				A0000000000000000000A060 /* DesignSystem */,
				A0000000000000000000A050 /* Assets */,
			);
			path = Sources;
			sourceTree = "<group>";
		};
		A0000000000000000000A100 /* Backend */ = {
			isa = PBXGroup;
			children = (
				A0000000000000000000A101 /* Contracts */,
				A0000000000000000000A006 /* Models */,
				A0000000000000000000A007 /* Networking */,
				A0000000000000000000A040 /* Services */,
			);
			path = Backend;
			sourceTree = "<group>";
		};
		A0000000000000000000A101 /* Contracts */ = {
			isa = PBXGroup;
			children = (
				A0000000000000000000F070 /* BackendContracts.swift */,
			);
			path = Contracts;
			sourceTree = "<group>";
		};
		A0000000000000000000A004 /* App */ = {
			isa = PBXGroup;
			children = (
				A0000000000000000000F000 /* Info.plist */,
				A0000000000000000000F001 /* VCAApp.swift */,
				A0000000000000000000F002 /* AppDelegate.swift */,
				A0000000000000000000F003 /* AppState.swift */,
				A0000000000000000000F004 /* PushNotificationManager.swift */,
				A0000000000000000000F005 /* LocalPersistence.swift */,
				A0000000000000000000F006 /* AppBrand.swift */,
				A0000000000000000000F007 /* DesignSystem.swift */,
				A0000000000000000000A080 /* Dependencies */,
				A0000000000000000000A090 /* AppFeature */,
			);
			path = App;
			sourceTree = "<group>";
		};
		A0000000000000000000A090 /* AppFeature */ = {
			isa = PBXGroup;
			children = (
				A0000000000000000000F090 /* AppFeature.swift */,
				A0000000000000000000F091 /* ForcedUpdateFeature.swift */,
				A0000000000000000000F092 /* OnboardingFeature.swift */,
				A0000000000000000000F093 /* MainFeature.swift */,
				A0000000000000000000F094 /* MainFeature+Shell.swift */,
				A0000000000000000000F095 /* PortfolioListFeature.swift */,
				A0000000000000000000F096 /* SettingsFeature.swift */,
				A0000000000000000000F097 /* PortfolioDetailFeature.swift */,
				A0000000000000000000F098 /* HoldingsEditorFeature.swift */,
				A0000000000000000000F099 /* ContributionResultFeature.swift */,
				A0000000000000000000F09A /* ContributionHistoryFeature.swift */,
				A0000000000000000000F09B /* PortfolioEditorFeature.swift */,
			);
			path = AppFeature;
			sourceTree = "<group>";
		};
		A0000000000000000000A080 /* Dependencies */ = {
			isa = PBXGroup;
			children = (
				A0000000000000000000F080 /* UserDefaultsClient.swift */,
				A0000000000000000000F081 /* KeychainClient.swift */,
				A0000000000000000000F082 /* DeviceIDClient.swift */,
				A0000000000000000000F083 /* APIClientDependency.swift */,
				A0000000000000000000F084 /* MinAppVersionClient.swift */,
				A0000000000000000000F085 /* PushNotificationsClient.swift */,
				A0000000000000000000F086 /* ModelContainerClient.swift */,
				A0000000000000000000F087 /* BundleInfoClient.swift */,
			);
			path = Dependencies;
			sourceTree = "<group>";
		};
		A0000000000000000000A005 /* Features */ = {
			isa = PBXGroup;
			children = (
				A0000000000000000000F010 /* RootView.swift */,
				A0000000000000000000F011 /* OnboardingView.swift */,
				A0000000000000000000F012 /* SettingsView.swift */,
				A0000000000000000000F013 /* ForcedUpdateView.swift */,
				A0000000000000000000F014 /* MainView.swift */,
				A0000000000000000000F015 /* HoldingsEditorView.swift */,
				A0000000000000000000F017 /* PortfolioListView.swift */,
				A0000000000000000000F018 /* PortfolioEditorView.swift */,
			);
			path = Features;
			sourceTree = "<group>";
		};
		A0000000000000000000A006 /* Models */ = {
			isa = PBXGroup;
			children = (
				A0000000000000000000F020 /* Disclaimer.swift */,
				A0000000000000000000F021 /* DomainModels.swift */,
			);
			path = Models;
			sourceTree = "<group>";
		};
		A0000000000000000000A007 /* Networking */ = {
			isa = PBXGroup;
			children = (
				A0000000000000000000F030 /* APIClient.swift */,
				A0000000000000000000F031 /* AppVersion.swift */,
				A0000000000000000000F032 /* DeviceIDProvider.swift */,
				A0000000000000000000F033 /* KeychainStore.swift */,
				A0000000000000000000F034 /* MinAppVersionMonitor.swift */,
				A0000000000000000000F035 /* BackendSyncProjection.swift */,
				A0000000000000000000F037 /* openapi-generator-config.yaml */,
				A0000000000000000000F036 /* openapi.json */,
			);
			path = Networking;
			sourceTree = "<group>";
		};
		A0000000000000000000A040 /* Services */ = {
			isa = PBXGroup;
			children = (
				A0000000000000000000F040 /* ContributionCalculator.swift */,
			);
			path = Services;
			sourceTree = "<group>";
		};
		A0000000000000000000A050 /* Assets */ = {
			isa = PBXGroup;
			children = (
				A0000000000000000000F050 /* Assets.xcassets */,
				A0000000000000000000F051 /* icon.svg */,
			);
			path = Assets;
			sourceTree = "<group>";
		};
		A0000000000000000000A060 /* DesignSystem */ = {
			isa = PBXGroup;
			children = (
				A0000000000000000000F016 /* ValueCompassTypography.swift */,
			);
			path = DesignSystem;
			sourceTree = "<group>";
		};
		A0000000000000000000A008 /* Products */ = {
			isa = PBXGroup;
			children = (
				A0000000000000000000A00A /* VCA.app */,
				C0000000000000000000A00A /* VCATests.xctest */,
			);
			name = Products;
			sourceTree = "<group>";
		};
		C0000000000000000000A003 /* Tests */ = {
			isa = PBXGroup;
			children = (
				C0000000000000000000A004 /* VCATests */,
			);
			path = Tests;
			sourceTree = "<group>";
		};
		C0000000000000000000A004 /* VCATests */ = {
			isa = PBXGroup;
			children = (
				C0000000000000000000F001 /* AppStateTests.swift */,
				C0000000000000000000F002 /* LocalPersistenceTests.swift */,
				C0000000000000000000F003 /* NavigationShellTests.swift */,
				C0000000000000000000F004 /* RootViewSmokeTests.swift */,
				C0000000000000000000F005 /* BackendSyncProjectionTests.swift */,
				C0000000000000000000F006 /* APIClientTests.swift */,
				C0000000000000000000F007 /* ContributionCalculatorTests.swift */,
				C0000000000000000000F008 /* ValueCompassTypographyTests.swift */,
				C0000000000000000000F009 /* DesignSystemTests.swift */,
			);
			path = VCATests;
			sourceTree = "<group>";
		};
/* End PBXGroup section */

/* Begin PBXNativeTarget section */
		A0000000000000000000A009 /* VCA */ = {
			isa = PBXNativeTarget;
			buildConfigurationList = A0000000000000000000A00F /* Build configuration list for PBXNativeTarget "VCA" */;
			buildPhases = (
				A0000000000000000000A00B /* Sources */,
				A0000000000000000000A00C /* Resources */,
				A0000000000000000000A00D /* Frameworks */,
			);
			buildRules = (
			);
			dependencies = (
			);
			name = VCA;
			packageProductDependencies = (
				D0000000000000000000D001 /* ComposableArchitecture */,
				D0000000000000000000D003 /* Dependencies */,
				D0000000000000000000D004 /* DependenciesMacros */,
				D0000000000000000000D005 /* ConcurrencyExtras */,
				D0000000000000000000D006 /* IssueReporting */,
				D0000000000000000000D007 /* CasePaths */,
				D0000000000000000000D008 /* Perception */,
				D0000000000000000000D009 /* PerceptionCore */,
			);
			productName = VCA;
			productReference = A0000000000000000000A00A /* VCA.app */;
			productType = "com.apple.product-type.application";
		};
		C0000000000000000000A009 /* VCATests */ = {
			isa = PBXNativeTarget;
			buildConfigurationList = C0000000000000000000A00F /* Build configuration list for PBXNativeTarget "VCATests" */;
			buildPhases = (
				C0000000000000000000A00B /* Sources */,
				C0000000000000000000A00C /* Resources */,
				C0000000000000000000A00D /* Frameworks */,
			);
			buildRules = (
			);
			dependencies = (
				C0000000000000000000E002 /* PBXTargetDependency */,
			);
			name = VCATests;
			packageProductDependencies = (
				D0000000000000000000D002 /* ComposableArchitecture */,
			);
			productName = VCATests;
			productReference = C0000000000000000000A00A /* VCATests.xctest */;
			productType = "com.apple.product-type.bundle.unit-test";
		};
/* End PBXNativeTarget section */

/* Begin PBXProject section */
		A0000000000000000000A001 /* Project object */ = {
			isa = PBXProject;
			attributes = {
				BuildIndependentTargetsInParallel = YES;
				LastSwiftUpdateCheck = 1500;
				LastUpgradeCheck = 1500;
				TargetAttributes = {
					A0000000000000000000A009 = {
						CreatedOnToolsVersion = 15.0;
					};
					C0000000000000000000A009 = {
						CreatedOnToolsVersion = 15.0;
						TestTargetID = A0000000000000000000A009;
					};
				};
			};
			buildConfigurationList = A0000000000000000000A00E /* Build configuration list for PBXProject "VCA" */;
			compatibilityVersion = "Xcode 14.0";
			developmentRegion = en;
			hasScannedForEncodings = 0;
			knownRegions = (
				en,
				Base,
			);
			mainGroup = A0000000000000000000A002;
			packageReferences = (
				D0000000000000000000C001 /* XCRemoteSwiftPackageReference "swift-composable-architecture" */,
				D0000000000000000000C002 /* XCRemoteSwiftPackageReference "swift-dependencies" */,
				D0000000000000000000C003 /* XCRemoteSwiftPackageReference "swift-concurrency-extras" */,
				D0000000000000000000C004 /* XCRemoteSwiftPackageReference "xctest-dynamic-overlay" */,
				D0000000000000000000C005 /* XCRemoteSwiftPackageReference "swift-case-paths" */,
				D0000000000000000000C006 /* XCRemoteSwiftPackageReference "swift-perception" */,
			);
			productRefGroup = A0000000000000000000A008 /* Products */;
			projectDirPath = "";
			projectRoot = "";
			targets = (
				A0000000000000000000A009 /* VCA */,
				C0000000000000000000A009 /* VCATests */,
			);
		};
/* End PBXProject section */

/* Begin PBXResourcesBuildPhase section */
		A0000000000000000000A00C /* Resources */ = {
			isa = PBXResourcesBuildPhase;
			buildActionMask = 2147483647;
			files = (
				A0000000000000000000B036 /* openapi.json in Resources */,
				A0000000000000000000B050 /* Assets.xcassets in Resources */,
				A0000000000000000000B051 /* icon.svg in Resources */,
			);
			runOnlyForDeploymentPostprocessing = 0;
		};
		C0000000000000000000A00C /* Resources */ = {
			isa = PBXResourcesBuildPhase;
			buildActionMask = 2147483647;
			files = (
			);
			runOnlyForDeploymentPostprocessing = 0;
		};
/* End PBXResourcesBuildPhase section */

/* Begin PBXSourcesBuildPhase section */
		A0000000000000000000A00B /* Sources */ = {
			isa = PBXSourcesBuildPhase;
			buildActionMask = 2147483647;
			files = (
				A0000000000000000000B001 /* VCAApp.swift in Sources */,
				A0000000000000000000B002 /* AppDelegate.swift in Sources */,
				A0000000000000000000B003 /* AppState.swift in Sources */,
				A0000000000000000000B004 /* PushNotificationManager.swift in Sources */,
				A0000000000000000000B005 /* LocalPersistence.swift in Sources */,
				A0000000000000000000B006 /* AppBrand.swift in Sources */,
				A0000000000000000000B007 /* DesignSystem.swift in Sources */,
				A0000000000000000000B010 /* RootView.swift in Sources */,
				A0000000000000000000B011 /* OnboardingView.swift in Sources */,
				A0000000000000000000B012 /* SettingsView.swift in Sources */,
				A0000000000000000000B013 /* ForcedUpdateView.swift in Sources */,
				A0000000000000000000B014 /* MainView.swift in Sources */,
				A0000000000000000000B015 /* HoldingsEditorView.swift in Sources */,
				A0000000000000000000B016 /* ValueCompassTypography.swift in Sources */,
				A0000000000000000000B020 /* Disclaimer.swift in Sources */,
				A0000000000000000000B021 /* DomainModels.swift in Sources */,
				A0000000000000000000B030 /* APIClient.swift in Sources */,
				A0000000000000000000B031 /* AppVersion.swift in Sources */,
				A0000000000000000000B032 /* DeviceIDProvider.swift in Sources */,
				A0000000000000000000B033 /* KeychainStore.swift in Sources */,
				A0000000000000000000B034 /* MinAppVersionMonitor.swift in Sources */,
				A0000000000000000000B035 /* BackendSyncProjection.swift in Sources */,
				A0000000000000000000B070 /* BackendContracts.swift in Sources */,
				A0000000000000000000B080 /* UserDefaultsClient.swift in Sources */,
				A0000000000000000000B081 /* KeychainClient.swift in Sources */,
				A0000000000000000000B082 /* DeviceIDClient.swift in Sources */,
				A0000000000000000000B083 /* APIClientDependency.swift in Sources */,
				A0000000000000000000B084 /* MinAppVersionClient.swift in Sources */,
				A0000000000000000000B085 /* PushNotificationsClient.swift in Sources */,
				A0000000000000000000B086 /* ModelContainerClient.swift in Sources */,
				A0000000000000000000B087 /* BundleInfoClient.swift in Sources */,
				A0000000000000000000B090 /* AppFeature.swift in Sources */,
				A0000000000000000000B091 /* ForcedUpdateFeature.swift in Sources */,
				A0000000000000000000B092 /* OnboardingFeature.swift in Sources */,
				A0000000000000000000B093 /* MainFeature.swift in Sources */,
				A0000000000000000000B094 /* MainFeature+Shell.swift in Sources */,
				A0000000000000000000B095 /* PortfolioListFeature.swift in Sources */,
				A0000000000000000000B096 /* SettingsFeature.swift in Sources */,
				A0000000000000000000B097 /* PortfolioDetailFeature.swift in Sources */,
				A0000000000000000000B098 /* HoldingsEditorFeature.swift in Sources */,
				A0000000000000000000B099 /* ContributionResultFeature.swift in Sources */,
				A0000000000000000000B09A /* ContributionHistoryFeature.swift in Sources */,
				A0000000000000000000B09B /* PortfolioEditorFeature.swift in Sources */,
				A0000000000000000000B017 /* PortfolioListView.swift in Sources */,
				A0000000000000000000B018 /* PortfolioEditorView.swift in Sources */,
				A0000000000000000000B040 /* ContributionCalculator.swift in Sources */,
			);
			runOnlyForDeploymentPostprocessing = 0;
		};
		C0000000000000000000A00B /* Sources */ = {
			isa = PBXSourcesBuildPhase;
			buildActionMask = 2147483647;
			files = (
				C0000000000000000000B001 /* AppStateTests.swift in Sources */,
				C0000000000000000000B002 /* LocalPersistenceTests.swift in Sources */,
				C0000000000000000000B003 /* NavigationShellTests.swift in Sources */,
				C0000000000000000000B004 /* RootViewSmokeTests.swift in Sources */,
				C0000000000000000000B005 /* BackendSyncProjectionTests.swift in Sources */,
				C0000000000000000000B006 /* APIClientTests.swift in Sources */,
				C0000000000000000000B007 /* ContributionCalculatorTests.swift in Sources */,
				C0000000000000000000B008 /* ValueCompassTypographyTests.swift in Sources */,
				C0000000000000000000B009 /* DesignSystemTests.swift in Sources */,
			);
			runOnlyForDeploymentPostprocessing = 0;
		};
/* End PBXSourcesBuildPhase section */

/* Begin PBXTargetDependency section */
		C0000000000000000000E002 /* PBXTargetDependency */ = {
			isa = PBXTargetDependency;
			target = A0000000000000000000A009 /* VCA */;
			targetProxy = C0000000000000000000E001 /* PBXContainerItemProxy */;
		};
/* End PBXTargetDependency section */

/* Begin XCBuildConfiguration section */
		A0000000000000000000A010 /* Debug */ = {
			isa = XCBuildConfiguration;
			buildSettings = {
				ALWAYS_SEARCH_USER_PATHS = NO;
				CLANG_ANALYZER_NONNULL = YES;
				CLANG_ANALYZER_NUMBER_OBJECT_CONVERSION = YES_AGGRESSIVE;
				CLANG_CXX_LANGUAGE_STANDARD = "gnu++20";
				CLANG_ENABLE_MODULES = YES;
				CLANG_ENABLE_OBJC_ARC = YES;
				CLANG_ENABLE_OBJC_WEAK = YES;
				COPY_PHASE_STRIP = NO;
				DEBUG_INFORMATION_FORMAT = dwarf;
				ENABLE_STRICT_OBJC_MSGSEND = YES;
				ENABLE_TESTABILITY = YES;
				GCC_C_LANGUAGE_STANDARD = gnu17;
				GCC_DYNAMIC_NO_PIC = NO;
				GCC_NO_COMMON_BLOCKS = YES;
				GCC_OPTIMIZATION_LEVEL = 0;
				GCC_PREPROCESSOR_DEFINITIONS = (
					"DEBUG=1",
					"$(inherited)",
				);
				IPHONEOS_DEPLOYMENT_TARGET = 17.0;
				MTL_ENABLE_DEBUG_INFO = INCLUDE_SOURCE;
				MTL_FAST_MATH = YES;
				ONLY_ACTIVE_ARCH = YES;
				SDKROOT = iphoneos;
				SWIFT_ACTIVE_COMPILATION_CONDITIONS = DEBUG;
				SWIFT_COMPILATION_MODE = wholemodule;
				SWIFT_OPTIMIZATION_LEVEL = "-Onone";
			};
			name = Debug;
		};
		A0000000000000000000A011 /* Release */ = {
			isa = XCBuildConfiguration;
			buildSettings = {
				ALWAYS_SEARCH_USER_PATHS = NO;
				CLANG_ANALYZER_NONNULL = YES;
				CLANG_ANALYZER_NUMBER_OBJECT_CONVERSION = YES_AGGRESSIVE;
				CLANG_CXX_LANGUAGE_STANDARD = "gnu++20";
				CLANG_ENABLE_MODULES = YES;
				CLANG_ENABLE_OBJC_ARC = YES;
				CLANG_ENABLE_OBJC_WEAK = YES;
				COPY_PHASE_STRIP = NO;
				DEBUG_INFORMATION_FORMAT = "dwarf-with-dsym";
				ENABLE_NS_ASSERTIONS = NO;
				ENABLE_STRICT_OBJC_MSGSEND = YES;
				GCC_C_LANGUAGE_STANDARD = gnu17;
				GCC_NO_COMMON_BLOCKS = YES;
				IPHONEOS_DEPLOYMENT_TARGET = 17.0;
				MTL_ENABLE_DEBUG_INFO = NO;
				MTL_FAST_MATH = YES;
				SDKROOT = iphoneos;
				SWIFT_COMPILATION_MODE = wholemodule;
				VALIDATE_PRODUCT = YES;
			};
			name = Release;
		};
		A0000000000000000000A012 /* Debug */ = {
			isa = XCBuildConfiguration;
			buildSettings = {
				ASSETCATALOG_COMPILER_APPICON_NAME = AppIcon;
				ASSETCATALOG_COMPILER_GLOBAL_ACCENT_COLOR_NAME = AccentColor;
				CODE_SIGN_STYLE = Automatic;
				CURRENT_PROJECT_VERSION = 1;
				ENABLE_PREVIEWS = YES;
				GENERATE_INFOPLIST_FILE = NO;
				INFOPLIST_FILE = Sources/App/Info.plist;
				IPHONEOS_DEPLOYMENT_TARGET = 17.0;
				LD_RUNPATH_SEARCH_PATHS = (
					"$(inherited)",
					"@executable_path/Frameworks",
				);
				MARKETING_VERSION = 1.0.0;
				PRODUCT_BUNDLE_IDENTIFIER = com.valuecompass.VCA;
				PRODUCT_NAME = "$(TARGET_NAME)";
				SWIFT_EMIT_LOC_STRINGS = YES;
				SWIFT_VERSION = 5.0;
				TARGETED_DEVICE_FAMILY = "1,2";
			};
			name = Debug;
		};
		A0000000000000000000A013 /* Release */ = {
			isa = XCBuildConfiguration;
			buildSettings = {
				ASSETCATALOG_COMPILER_APPICON_NAME = AppIcon;
				ASSETCATALOG_COMPILER_GLOBAL_ACCENT_COLOR_NAME = AccentColor;
				CODE_SIGN_STYLE = Automatic;
				CURRENT_PROJECT_VERSION = 1;
				ENABLE_PREVIEWS = YES;
				GENERATE_INFOPLIST_FILE = NO;
				INFOPLIST_FILE = Sources/App/Info.plist;
				IPHONEOS_DEPLOYMENT_TARGET = 17.0;
				LD_RUNPATH_SEARCH_PATHS = (
					"$(inherited)",
					"@executable_path/Frameworks",
				);
				MARKETING_VERSION = 1.0.0;
				PRODUCT_BUNDLE_IDENTIFIER = com.valuecompass.VCA;
				PRODUCT_NAME = "$(TARGET_NAME)";
				SWIFT_EMIT_LOC_STRINGS = YES;
				SWIFT_VERSION = 5.0;
				TARGETED_DEVICE_FAMILY = "1,2";
			};
			name = Release;
		};
		C0000000000000000000A010 /* Debug */ = {
			isa = XCBuildConfiguration;
			buildSettings = {
				BUNDLE_LOADER = "$(TEST_HOST)";
				CODE_SIGN_STYLE = Automatic;
				GENERATE_INFOPLIST_FILE = YES;
				IPHONEOS_DEPLOYMENT_TARGET = 17.0;
				LD_RUNPATH_SEARCH_PATHS = (
					"$(inherited)",
					"@executable_path/Frameworks",
					"@loader_path/Frameworks",
				);
				PRODUCT_BUNDLE_IDENTIFIER = com.valuecompass.VCATests;
				PRODUCT_NAME = "$(TARGET_NAME)";
				SWIFT_VERSION = 5.0;
				TARGETED_DEVICE_FAMILY = "1,2";
				TEST_HOST = "$(BUILT_PRODUCTS_DIR)/VCA.app/$(BUNDLE_EXECUTABLE_FOLDER_PATH)/VCA";
				TEST_TARGET_NAME = VCA;
			};
			name = Debug;
		};
		C0000000000000000000A011 /* Release */ = {
			isa = XCBuildConfiguration;
			buildSettings = {
				BUNDLE_LOADER = "$(TEST_HOST)";
				CODE_SIGN_STYLE = Automatic;
				GENERATE_INFOPLIST_FILE = YES;
				IPHONEOS_DEPLOYMENT_TARGET = 17.0;
				LD_RUNPATH_SEARCH_PATHS = (
					"$(inherited)",
					"@executable_path/Frameworks",
					"@loader_path/Frameworks",
				);
				PRODUCT_BUNDLE_IDENTIFIER = com.valuecompass.VCATests;
				PRODUCT_NAME = "$(TARGET_NAME)";
				SWIFT_VERSION = 5.0;
				TARGETED_DEVICE_FAMILY = "1,2";
				TEST_HOST = "$(BUILT_PRODUCTS_DIR)/VCA.app/$(BUNDLE_EXECUTABLE_FOLDER_PATH)/VCA";
				TEST_TARGET_NAME = VCA;
			};
			name = Release;
		};
/* End XCBuildConfiguration section */

/* Begin XCConfigurationList section */
		A0000000000000000000A00E /* Build configuration list for PBXProject "VCA" */ = {
			isa = XCConfigurationList;
			buildConfigurations = (
				A0000000000000000000A010 /* Debug */,
				A0000000000000000000A011 /* Release */,
			);
			defaultConfigurationIsVisible = 0;
			defaultConfigurationName = Release;
		};
		A0000000000000000000A00F /* Build configuration list for PBXNativeTarget "VCA" */ = {
			isa = XCConfigurationList;
			buildConfigurations = (
				A0000000000000000000A012 /* Debug */,
				A0000000000000000000A013 /* Release */,
			);
			defaultConfigurationIsVisible = 0;
			defaultConfigurationName = Release;
		};
		C0000000000000000000A00F /* Build configuration list for PBXNativeTarget "VCATests" */ = {
			isa = XCConfigurationList;
			buildConfigurations = (
				C0000000000000000000A010 /* Debug */,
				C0000000000000000000A011 /* Release */,
			);
			defaultConfigurationIsVisible = 0;
			defaultConfigurationName = Release;
		};
/* End XCConfigurationList section */

/* Begin XCRemoteSwiftPackageReference section */
		D0000000000000000000C001 /* XCRemoteSwiftPackageReference "swift-composable-architecture" */ = {
			isa = XCRemoteSwiftPackageReference;
			repositoryURL = "https://github.com/pointfreeco/swift-composable-architecture";
			requirement = {
				kind = exactVersion;
				version = 1.25.5;
			};
		};
		D0000000000000000000C002 /* XCRemoteSwiftPackageReference "swift-dependencies" */ = {
			isa = XCRemoteSwiftPackageReference;
			repositoryURL = "https://github.com/pointfreeco/swift-dependencies";
			requirement = {
				kind = exactVersion;
				version = 1.12.0;
			};
		};
		D0000000000000000000C003 /* XCRemoteSwiftPackageReference "swift-concurrency-extras" */ = {
			isa = XCRemoteSwiftPackageReference;
			repositoryURL = "https://github.com/pointfreeco/swift-concurrency-extras";
			requirement = {
				kind = exactVersion;
				version = 1.3.2;
			};
		};
		D0000000000000000000C004 /* XCRemoteSwiftPackageReference "xctest-dynamic-overlay" */ = {
			isa = XCRemoteSwiftPackageReference;
			repositoryURL = "https://github.com/pointfreeco/xctest-dynamic-overlay";
			requirement = {
				kind = exactVersion;
				version = 1.9.0;
			};
		};
		D0000000000000000000C005 /* XCRemoteSwiftPackageReference "swift-case-paths" */ = {
			isa = XCRemoteSwiftPackageReference;
			repositoryURL = "https://github.com/pointfreeco/swift-case-paths";
			requirement = {
				kind = exactVersion;
				version = 1.7.3;
			};
		};
		D0000000000000000000C006 /* XCRemoteSwiftPackageReference "swift-perception" */ = {
			isa = XCRemoteSwiftPackageReference;
			repositoryURL = "https://github.com/pointfreeco/swift-perception";
			requirement = {
				kind = exactVersion;
				version = 2.0.10;
			};
		};
/* End XCRemoteSwiftPackageReference section */

/* Begin XCSwiftPackageProductDependency section */
		D0000000000000000000D001 /* ComposableArchitecture */ = {
			isa = XCSwiftPackageProductDependency;
			package = D0000000000000000000C001 /* XCRemoteSwiftPackageReference "swift-composable-architecture" */;
			productName = ComposableArchitecture;
		};
		D0000000000000000000D002 /* ComposableArchitecture */ = {
			isa = XCSwiftPackageProductDependency;
			package = D0000000000000000000C001 /* XCRemoteSwiftPackageReference "swift-composable-architecture" */;
			productName = ComposableArchitecture;
		};
		D0000000000000000000D003 /* Dependencies */ = {
			isa = XCSwiftPackageProductDependency;
			package = D0000000000000000000C002 /* XCRemoteSwiftPackageReference "swift-dependencies" */;
			productName = Dependencies;
		};
		D0000000000000000000D004 /* DependenciesMacros */ = {
			isa = XCSwiftPackageProductDependency;
			package = D0000000000000000000C002 /* XCRemoteSwiftPackageReference "swift-dependencies" */;
			productName = DependenciesMacros;
		};
		D0000000000000000000D005 /* ConcurrencyExtras */ = {
			isa = XCSwiftPackageProductDependency;
			package = D0000000000000000000C003 /* XCRemoteSwiftPackageReference "swift-concurrency-extras" */;
			productName = ConcurrencyExtras;
		};
		D0000000000000000000D006 /* IssueReporting */ = {
			isa = XCSwiftPackageProductDependency;
			package = D0000000000000000000C004 /* XCRemoteSwiftPackageReference "xctest-dynamic-overlay" */;
			productName = IssueReporting;
		};
		D0000000000000000000D007 /* CasePaths */ = {
			isa = XCSwiftPackageProductDependency;
			package = D0000000000000000000C005 /* XCRemoteSwiftPackageReference "swift-case-paths" */;
			productName = CasePaths;
		};
		D0000000000000000000D008 /* Perception */ = {
			isa = XCSwiftPackageProductDependency;
			package = D0000000000000000000C006 /* XCRemoteSwiftPackageReference "swift-perception" */;
			productName = Perception;
		};
		D0000000000000000000D009 /* PerceptionCore */ = {
			isa = XCSwiftPackageProductDependency;
			package = D0000000000000000000C006 /* XCRemoteSwiftPackageReference "swift-perception" */;
			productName = PerceptionCore;
		};
/* End XCSwiftPackageProductDependency section */
	};
	rootObject = A0000000000000000000A001 /* Project object */;
}
